// !$*UTF8*$!
{
	archiveVersion = 1;
	classes = {
	};
	objectVersion = 56;
	objects = {

/* Begin PBXBuildFile section */
		611F14922B48025700B983F1 /* AppDelegate.swift in Sources */ = {isa = PBXBuildFile; fileRef = 611F14912B48025700B983F1 /* AppDelegate.swift */; };
		611F14942B48025700B983F1 /* SceneDelegate.swift in Sources */ = {isa = PBXBuildFile; fileRef = 611F14932B48025700B983F1 /* SceneDelegate.swift */; };
		611F14992B48025700B983F1 /* Main.storyboard in Resources */ = {isa = PBXBuildFile; fileRef = 611F14972B48025700B983F1 /* Main.storyboard */; };
		611F149B2B48025900B983F1 /* Assets.xcassets in Resources */ = {isa = PBXBuildFile; fileRef = 611F149A2B48025900B983F1 /* Assets.xcassets */; };
		611F149E2B48025900B983F1 /* LaunchScreen.storyboard in Resources */ = {isa = PBXBuildFile; fileRef = 611F149C2B48025900B983F1 /* LaunchScreen.storyboard */; };
		619BE04C2B4809DF00EEB169 /* SettingTableViewController.swift in Sources */ = {isa = PBXBuildFile; fileRef = 619BE04B2B4809DF00EEB169 /* SettingTableViewController.swift */; };
		619BE04E2B480A0B00EEB169 /* SettingTableViewCell.swift in Sources */ = {isa = PBXBuildFile; fileRef = 619BE04D2B480A0B00EEB169 /* SettingTableViewCell.swift */; };
		619BE0502B480D3500EEB169 /* ShoppingTableViewController.swift in Sources */ = {isa = PBXBuildFile; fileRef = 619BE04F2B480D3500EEB169 /* ShoppingTableViewController.swift */; };
		619BE0522B480D5600EEB169 /* ShoppingTableViewCell.swift in Sources */ = {isa = PBXBuildFile; fileRef = 619BE0512B480D5600EEB169 /* ShoppingTableViewCell.swift */; };
		61A7B9302B4DA17900795B49 /* City.swift in Sources */ = {isa = PBXBuildFile; fileRef = 61A7B92F2B4DA17900795B49 /* City.swift */; };
		61A7B9332B4DA26F00795B49 /* CityInfoCollectionViewCell.swift in Sources */ = {isa = PBXBuildFile; fileRef = 61A7B9312B4DA26F00795B49 /* CityInfoCollectionViewCell.swift */; };
		61A7B9342B4DA26F00795B49 /* CityInfoCollectionViewCell.xib in Resources */ = {isa = PBXBuildFile; fileRef = 61A7B9322B4DA26F00795B49 /* CityInfoCollectionViewCell.xib */; };
		61A7B9362B4DA72300795B49 /* CityInfoViewController.swift in Sources */ = {isa = PBXBuildFile; fileRef = 61A7B9352B4DA72300795B49 /* CityInfoViewController.swift */; };
		61D925182B4C1C56002A16B4 /* ShoppingTodo.swift in Sources */ = {isa = PBXBuildFile; fileRef = 61D925172B4C1C56002A16B4 /* ShoppingTodo.swift */; };
		61D9251B2B4C2102002A16B4 /* Magazine.swift in Sources */ = {isa = PBXBuildFile; fileRef = 61D9251A2B4C2102002A16B4 /* Magazine.swift */; };
		61D9251E2B4C21F2002A16B4 /* Kingfisher in Frameworks */ = {isa = PBXBuildFile; productRef = 61D9251D2B4C21F2002A16B4 /* Kingfisher */; };
		61D925202B4C22AB002A16B4 /* MagazineTableViewController.swift in Sources */ = {isa = PBXBuildFile; fileRef = 61D9251F2B4C22AB002A16B4 /* MagazineTableViewController.swift */; };
		61D925232B4C24E1002A16B4 /* MagazineTableViewCell.swift in Sources */ = {isa = PBXBuildFile; fileRef = 61D925222B4C24E1002A16B4 /* MagazineTableViewCell.swift */; };
/* End PBXBuildFile section */

/* Begin PBXFileReference section */
		611F148E2B48025700B983F1 /* TableViewController.app */ = {isa = PBXFileReference; explicitFileType = wrapper.application; includeInIndex = 0; path = TableViewController.app; sourceTree = BUILT_PRODUCTS_DIR; };
		611F14912B48025700B983F1 /* AppDelegate.swift */ = {isa = PBXFileReference; lastKnownFileType = sourcecode.swift; path = AppDelegate.swift; sourceTree = "<group>"; };
		611F14932B48025700B983F1 /* SceneDelegate.swift */ = {isa = PBXFileReference; lastKnownFileType = sourcecode.swift; path = SceneDelegate.swift; sourceTree = "<group>"; };
		611F14982B48025700B983F1 /* Base */ = {isa = PBXFileReference; lastKnownFileType = file.storyboard; name = Base; path = Base.lproj/Main.storyboard; sourceTree = "<group>"; };
		611F149A2B48025900B983F1 /* Assets.xcassets */ = {isa = PBXFileReference; lastKnownFileType = folder.assetcatalog; path = Assets.xcassets; sourceTree = "<group>"; };
		611F149D2B48025900B983F1 /* Base */ = {isa = PBXFileReference; lastKnownFileType = file.storyboard; name = Base; path = Base.lproj/LaunchScreen.storyboard; sourceTree = "<group>"; };
		611F149F2B48025900B983F1 /* Info.plist */ = {isa = PBXFileReference; lastKnownFileType = text.plist.xml; path = Info.plist; sourceTree = "<group>"; };
		619BE04B2B4809DF00EEB169 /* SettingTableViewController.swift */ = {isa = PBXFileReference; lastKnownFileType = sourcecode.swift; path = SettingTableViewController.swift; sourceTree = "<group>"; };
		619BE04D2B480A0B00EEB169 /* SettingTableViewCell.swift */ = {isa = PBXFileReference; lastKnownFileType = sourcecode.swift; path = SettingTableViewCell.swift; sourceTree = "<group>"; };
		619BE04F2B480D3500EEB169 /* ShoppingTableViewController.swift */ = {isa = PBXFileReference; lastKnownFileType = sourcecode.swift; path = ShoppingTableViewController.swift; sourceTree = "<group>"; };
		619BE0512B480D5600EEB169 /* ShoppingTableViewCell.swift */ = {isa = PBXFileReference; lastKnownFileType = sourcecode.swift; path = ShoppingTableViewCell.swift; sourceTree = "<group>"; };
		61A7B92F2B4DA17900795B49 /* City.swift */ = {isa = PBXFileReference; lastKnownFileType = sourcecode.swift; path = City.swift; sourceTree = "<group>"; };
		61A7B9312B4DA26F00795B49 /* CityInfoCollectionViewCell.swift */ = {isa = PBXFileReference; lastKnownFileType = sourcecode.swift; path = CityInfoCollectionViewCell.swift; sourceTree = "<group>"; };
		61A7B9322B4DA26F00795B49 /* CityInfoCollectionViewCell.xib */ = {isa = PBXFileReference; lastKnownFileType = file.xib; path = CityInfoCollectionViewCell.xib; sourceTree = "<group>"; };
		61A7B9352B4DA72300795B49 /* CityInfoViewController.swift */ = {isa = PBXFileReference; lastKnownFileType = sourcecode.swift; path = CityInfoViewController.swift; sourceTree = "<group>"; };
		61D925172B4C1C56002A16B4 /* ShoppingTodo.swift */ = {isa = PBXFileReference; lastKnownFileType = sourcecode.swift; path = ShoppingTodo.swift; sourceTree = "<group>"; };
		61D9251A2B4C2102002A16B4 /* Magazine.swift */ = {isa = PBXFileReference; lastKnownFileType = sourcecode.swift; path = Magazine.swift; sourceTree = "<group>"; };
		61D9251F2B4C22AB002A16B4 /* MagazineTableViewController.swift */ = {isa = PBXFileReference; lastKnownFileType = sourcecode.swift; path = MagazineTableViewController.swift; sourceTree = "<group>"; };
		61D925222B4C24E1002A16B4 /* MagazineTableViewCell.swift */ = {isa = PBXFileReference; lastKnownFileType = sourcecode.swift; path = MagazineTableViewCell.swift; sourceTree = "<group>"; };
/* End PBXFileReference section */

/* Begin PBXFrameworksBuildPhase section */
		611F148B2B48025700B983F1 /* Frameworks */ = {
			isa = PBXFrameworksBuildPhase;
			buildActionMask = 2147483647;
			files = (
				61D9251E2B4C21F2002A16B4 /* Kingfisher in Frameworks */,
			);
			runOnlyForDeploymentPostprocessing = 0;
		};
/* End PBXFrameworksBuildPhase section */

/* Begin PBXGroup section */
		611F14852B48025700B983F1 = {
			isa = PBXGroup;
			children = (
				611F14902B48025700B983F1 /* TableViewController */,
				611F148F2B48025700B983F1 /* Products */,
			);
			sourceTree = "<group>";
		};
		611F148F2B48025700B983F1 /* Products */ = {
			isa = PBXGroup;
			children = (
				611F148E2B48025700B983F1 /* TableViewController.app */,
			);
			name = Products;
			sourceTree = "<group>";
		};
		611F14902B48025700B983F1 /* TableViewController */ = {
			isa = PBXGroup;
			children = (
				61D925162B4C1BE6002A16B4 /* Model */,
				61D925212B4C24B0002A16B4 /* Cell */,
				611F14912B48025700B983F1 /* AppDelegate.swift */,
				611F14932B48025700B983F1 /* SceneDelegate.swift */,
				611F14972B48025700B983F1 /* Main.storyboard */,
				611F149A2B48025900B983F1 /* Assets.xcassets */,
				611F149C2B48025900B983F1 /* LaunchScreen.storyboard */,
				611F149F2B48025900B983F1 /* Info.plist */,
				619BE04B2B4809DF00EEB169 /* SettingTableViewController.swift */,
				619BE04F2B480D3500EEB169 /* ShoppingTableViewController.swift */,
				61D9251F2B4C22AB002A16B4 /* MagazineTableViewController.swift */,
				61A7B9352B4DA72300795B49 /* CityInfoViewController.swift */,
			);
			path = TableViewController;
			sourceTree = "<group>";
		};
		61D925162B4C1BE6002A16B4 /* Model */ = {
			isa = PBXGroup;
			children = (
				61D925172B4C1C56002A16B4 /* ShoppingTodo.swift */,
				61D9251A2B4C2102002A16B4 /* Magazine.swift */,
				61A7B92F2B4DA17900795B49 /* City.swift */,
			);
			path = Model;
			sourceTree = "<group>";
		};
		61D925212B4C24B0002A16B4 /* Cell */ = {
			isa = PBXGroup;
			children = (
				619BE04D2B480A0B00EEB169 /* SettingTableViewCell.swift */,
				619BE0512B480D5600EEB169 /* ShoppingTableViewCell.swift */,
				61D925222B4C24E1002A16B4 /* MagazineTableViewCell.swift */,
				61A7B9312B4DA26F00795B49 /* CityInfoCollectionViewCell.swift */,
				61A7B9322B4DA26F00795B49 /* CityInfoCollectionViewCell.xib */,
			);
			path = Cell;
			sourceTree = "<group>";
		};
/* End PBXGroup section */

/* Begin PBXNativeTarget section */
		611F148D2B48025700B983F1 /* TableViewController */ = {
			isa = PBXNativeTarget;
			buildConfigurationList = 611F14A22B48025900B983F1 /* Build configuration list for PBXNativeTarget "TableViewController" */;
			buildPhases = (
				611F148A2B48025700B983F1 /* Sources */,
				611F148B2B48025700B983F1 /* Frameworks */,
				611F148C2B48025700B983F1 /* Resources */,
			);
			buildRules = (
			);
			dependencies = (
			);
			name = TableViewController;
			packageProductDependencies = (
				61D9251D2B4C21F2002A16B4 /* Kingfisher */,
			);
			productName = TableViewController;
			productReference = 611F148E2B48025700B983F1 /* TableViewController.app */;
			productType = "com.apple.product-type.application";
		};
/* End PBXNativeTarget section */

/* Begin PBXProject section */
		611F14862B48025700B983F1 /* Project object */ = {
			isa = PBXProject;
			attributes = {
				BuildIndependentTargetsInParallel = 1;
				LastSwiftUpdateCheck = 1510;
				LastUpgradeCheck = 1510;
				TargetAttributes = {
					611F148D2B48025700B983F1 = {
						CreatedOnToolsVersion = 15.1;
					};
				};
			};
			buildConfigurationList = 611F14892B48025700B983F1 /* Build configuration list for PBXProject "TableViewController" */;
			compatibilityVersion = "Xcode 14.0";
			developmentRegion = en;
			hasScannedForEncodings = 0;
			knownRegions = (
				en,
				Base,
			);
			mainGroup = 611F14852B48025700B983F1;
			packageReferences = (
				61D9251C2B4C21F2002A16B4 /* XCRemoteSwiftPackageReference "Kingfisher" */,
			);
			productRefGroup = 611F148F2B48025700B983F1 /* Products */;
			projectDirPath = "";
			projectRoot = "";
			targets = (
				611F148D2B48025700B983F1 /* TableViewController */,
			);
		};
/* End PBXProject section */

/* Begin PBXResourcesBuildPhase section */
		611F148C2B48025700B983F1 /* Resources */ = {
			isa = PBXResourcesBuildPhase;
			buildActionMask = 2147483647;
			files = (
				611F149E2B48025900B983F1 /* LaunchScreen.storyboard in Resources */,
				611F149B2B48025900B983F1 /* Assets.xcassets in Resources */,
				611F14992B48025700B983F1 /* Main.storyboard in Resources */,
				61A7B9342B4DA26F00795B49 /* CityInfoCollectionViewCell.xib in Resources */,
			);
			runOnlyForDeploymentPostprocessing = 0;
		};
/* End PBXResourcesBuildPhase section */

/* Begin PBXSourcesBuildPhase section */
		611F148A2B48025700B983F1 /* Sources */ = {
			isa = PBXSourcesBuildPhase;
			buildActionMask = 2147483647;
			files = (
				61D925182B4C1C56002A16B4 /* ShoppingTodo.swift in Sources */,
				61D925232B4C24E1002A16B4 /* MagazineTableViewCell.swift in Sources */,
				619BE04C2B4809DF00EEB169 /* SettingTableViewController.swift in Sources */,
				619BE0522B480D5600EEB169 /* ShoppingTableViewCell.swift in Sources */,
				61D925202B4C22AB002A16B4 /* MagazineTableViewController.swift in Sources */,
				611F14922B48025700B983F1 /* AppDelegate.swift in Sources */,
				619BE04E2B480A0B00EEB169 /* SettingTableViewCell.swift in Sources */,
				61A7B9302B4DA17900795B49 /* City.swift in Sources */,
				61D9251B2B4C2102002A16B4 /* Magazine.swift in Sources */,
				619BE0502B480D3500EEB169 /* ShoppingTableViewController.swift in Sources */,
				61A7B9362B4DA72300795B49 /* CityInfoViewController.swift in Sources */,
				61A7B9332B4DA26F00795B49 /* CityInfoCollectionViewCell.swift in Sources */,
				611F14942B48025700B983F1 /* SceneDelegate.swift in Sources */,
			);
			runOnlyForDeploymentPostprocessing = 0;
		};
/* End PBXSourcesBuildPhase section */

/* Begin PBXVariantGroup section */
		611F14972B48025700B983F1 /* Main.storyboard */ = {
			isa = PBXVariantGroup;
			children = (
				611F14982B48025700B983F1 /* Base */,
			);
			name = Main.storyboard;
			sourceTree = "<group>";
		};
		611F149C2B48025900B983F1 /* LaunchScreen.storyboard */ = {
			isa = PBXVariantGroup;
			children = (
				611F149D2B48025900B983F1 /* Base */,
			);
			name = LaunchScreen.storyboard;
			sourceTree = "<group>";
		};
/* End PBXVariantGroup section */

/* Begin XCBuildConfiguration section */
		611F14A02B48025900B983F1 /* Debug */ = {
			isa = XCBuildConfiguration;
			buildSettings = {
				ALWAYS_SEARCH_USER_PATHS = NO;
				ASSETCATALOG_COMPILER_GENERATE_SWIFT_ASSET_SYMBOL_EXTENSIONS = YES;
				CLANG_ANALYZER_NONNULL = YES;
				CLANG_ANALYZER_NUMBER_OBJECT_CONVERSION = YES_AGGRESSIVE;
				CLANG_CXX_LANGUAGE_STANDARD = "gnu++20";
				CLANG_ENABLE_MODULES = YES;
				CLANG_ENABLE_OBJC_ARC = YES;
				CLANG_ENABLE_OBJC_WEAK = YES;
				CLANG_WARN_BLOCK_CAPTURE_AUTORELEASING = YES;
				CLANG_WARN_BOOL_CONVERSION = YES;
				CLANG_WARN_COMMA = YES;
				CLANG_WARN_CONSTANT_CONVERSION = YES;
				CLANG_WARN_DEPRECATED_OBJC_IMPLEMENTATIONS = YES;
				CLANG_WARN_DIRECT_OBJC_ISA_USAGE = YES_ERROR;
				CLANG_WARN_DOCUMENTATION_COMMENTS = YES;
				CLANG_WARN_EMPTY_BODY = YES;
				CLANG_WARN_ENUM_CONVERSION = YES;
				CLANG_WARN_INFINITE_RECURSION = YES;
				CLANG_WARN_INT_CONVERSION = YES;
				CLANG_WARN_NON_LITERAL_NULL_CONVERSION = YES;
				CLANG_WARN_OBJC_IMPLICIT_RETAIN_SELF = YES;
				CLANG_WARN_OBJC_LITERAL_CONVERSION = YES;
				CLANG_WARN_OBJC_ROOT_CLASS = YES_ERROR;
				CLANG_WARN_QUOTED_INCLUDE_IN_FRAMEWORK_HEADER = YES;
				CLANG_WARN_RANGE_LOOP_ANALYSIS = YES;
				CLANG_WARN_STRICT_PROTOTYPES = YES;
				CLANG_WARN_SUSPICIOUS_MOVE = YES;
				CLANG_WARN_UNGUARDED_AVAILABILITY = YES_AGGRESSIVE;
				CLANG_WARN_UNREACHABLE_CODE = YES;
				CLANG_WARN__DUPLICATE_METHOD_MATCH = YES;
				COPY_PHASE_STRIP = NO;
				DEBUG_INFORMATION_FORMAT = dwarf;
				ENABLE_STRICT_OBJC_MSGSEND = YES;
				ENABLE_TESTABILITY = YES;
				ENABLE_USER_SCRIPT_SANDBOXING = YES;
				GCC_C_LANGUAGE_STANDARD = gnu17;
				GCC_DYNAMIC_NO_PIC = NO;
				GCC_NO_COMMON_BLOCKS = YES;
				GCC_OPTIMIZATION_LEVEL = 0;
				GCC_PREPROCESSOR_DEFINITIONS = (
					"DEBUG=1",
					"$(inherited)",
				);
				GCC_WARN_64_TO_32_BIT_CONVERSION = YES;
				GCC_WARN_ABOUT_RETURN_TYPE = YES_ERROR;
				GCC_WARN_UNDECLARED_SELECTOR = YES;
				GCC_WARN_UNINITIALIZED_AUTOS = YES_AGGRESSIVE;
				GCC_WARN_UNUSED_FUNCTION = YES;
				GCC_WARN_UNUSED_VARIABLE = YES;
				IPHONEOS_DEPLOYMENT_TARGET = 17.2;
				LOCALIZATION_PREFERS_STRING_CATALOGS = YES;
				MTL_ENABLE_DEBUG_INFO = INCLUDE_SOURCE;
				MTL_FAST_MATH = YES;
				ONLY_ACTIVE_ARCH = YES;
				SDKROOT = iphoneos;
				SWIFT_ACTIVE_COMPILATION_CONDITIONS = "DEBUG $(inherited)";
				SWIFT_OPTIMIZATION_LEVEL = "-Onone";
			};
			name = Debug;
		};
		611F14A12B48025900B983F1 /* Release */ = {
			isa = XCBuildConfiguration;
			buildSettings = {
				ALWAYS_SEARCH_USER_PATHS = NO;
				ASSETCATALOG_COMPILER_GENERATE_SWIFT_ASSET_SYMBOL_EXTENSIONS = YES;
				CLANG_ANALYZER_NONNULL = YES;
				CLANG_ANALYZER_NUMBER_OBJECT_CONVERSION = YES_AGGRESSIVE;
				CLANG_CXX_LANGUAGE_STANDARD = "gnu++20";
				CLANG_ENABLE_MODULES = YES;
				CLANG_ENABLE_OBJC_ARC = YES;
				CLANG_ENABLE_OBJC_WEAK = YES;
				CLANG_WARN_BLOCK_CAPTURE_AUTORELEASING = YES;
				CLANG_WARN_BOOL_CONVERSION = YES;
				CLANG_WARN_COMMA = YES;
				CLANG_WARN_CONSTANT_CONVERSION = YES;
				CLANG_WARN_DEPRECATED_OBJC_IMPLEMENTATIONS = YES;
				CLANG_WARN_DIRECT_OBJC_ISA_USAGE = YES_ERROR;
				CLANG_WARN_DOCUMENTATION_COMMENTS = YES;
				CLANG_WARN_EMPTY_BODY = YES;
				CLANG_WARN_ENUM_CONVERSION = YES;
				CLANG_WARN_INFINITE_RECURSION = YES;
				CLANG_WARN_INT_CONVERSION = YES;
				CLANG_WARN_NON_LITERAL_NULL_CONVERSION = YES;
				CLANG_WARN_OBJC_IMPLICIT_RETAIN_SELF = YES;
				CLANG_WARN_OBJC_LITERAL_CONVERSION = YES;
				CLANG_WARN_OBJC_ROOT_CLASS = YES_ERROR;
				CLANG_WARN_QUOTED_INCLUDE_IN_FRAMEWORK_HEADER = YES;
				CLANG_WARN_RANGE_LOOP_ANALYSIS = YES;
				CLANG_WARN_STRICT_PROTOTYPES = YES;
				CLANG_WARN_SUSPICIOUS_MOVE = YES;
				CLANG_WARN_UNGUARDED_AVAILABILITY = YES_AGGRESSIVE;
				CLANG_WARN_UNREACHABLE_CODE = YES;
				CLANG_WARN__DUPLICATE_METHOD_MATCH = YES;
				COPY_PHASE_STRIP = NO;
				DEBUG_INFORMATION_FORMAT = "dwarf-with-dsym";
				ENABLE_NS_ASSERTIONS = NO;
				ENABLE_STRICT_OBJC_MSGSEND = YES;
				ENABLE_USER_SCRIPT_SANDBOXING = YES;
				GCC_C_LANGUAGE_STANDARD = gnu17;
				GCC_NO_COMMON_BLOCKS = YES;
				GCC_WARN_64_TO_32_BIT_CONVERSION = YES;
				GCC_WARN_ABOUT_RETURN_TYPE = YES_ERROR;
				GCC_WARN_UNDECLARED_SELECTOR = YES;
				GCC_WARN_UNINITIALIZED_AUTOS = YES_AGGRESSIVE;
				GCC_WARN_UNUSED_FUNCTION = YES;
				GCC_WARN_UNUSED_VARIABLE = YES;
				IPHONEOS_DEPLOYMENT_TARGET = 17.2;
				LOCALIZATION_PREFERS_STRING_CATALOGS = YES;
				MTL_ENABLE_DEBUG_INFO = NO;
				MTL_FAST_MATH = YES;
				SDKROOT = iphoneos;
				SWIFT_COMPILATION_MODE = wholemodule;
				VALIDATE_PRODUCT = YES;
			};
			name = Release;
		};
		611F14A32B48025900B983F1 /* Debug */ = {
			isa = XCBuildConfiguration;
			buildSettings = {
				ASSETCATALOG_COMPILER_APPICON_NAME = AppIcon;
				ASSETCATALOG_COMPILER_GLOBAL_ACCENT_COLOR_NAME = AccentColor;
				CODE_SIGN_STYLE = Automatic;
				CURRENT_PROJECT_VERSION = 1;
				DEVELOPMENT_TEAM = T2Q8P9627P;
				GENERATE_INFOPLIST_FILE = YES;
				INFOPLIST_FILE = TableViewController/Info.plist;
				INFOPLIST_KEY_UIApplicationSupportsIndirectInputEvents = YES;
				INFOPLIST_KEY_UILaunchStoryboardName = LaunchScreen;
				INFOPLIST_KEY_UIMainStoryboardFile = Main;
				INFOPLIST_KEY_UISupportedInterfaceOrientations_iPad = "UIInterfaceOrientationPortrait UIInterfaceOrientationPortraitUpsideDown UIInterfaceOrientationLandscapeLeft UIInterfaceOrientationLandscapeRight";
				INFOPLIST_KEY_UISupportedInterfaceOrientations_iPhone = "UIInterfaceOrientationPortrait UIInterfaceOrientationLandscapeLeft UIInterfaceOrientationLandscapeRight";
				LD_RUNPATH_SEARCH_PATHS = (
					"$(inherited)",
					"@executable_path/Frameworks",
				);
				MARKETING_VERSION = 1.0;
				PRODUCT_BUNDLE_IDENTIFIER = dev.yujin.TableViewController;
				PRODUCT_NAME = "$(TARGET_NAME)";
				SWIFT_EMIT_LOC_STRINGS = YES;
				SWIFT_VERSION = 5.0;
				TARGETED_DEVICE_FAMILY = "1,2";
			};
			name = Debug;
		};
		611F14A42B48025900B983F1 /* Release */ = {
			isa = XCBuildConfiguration;
			buildSettings = {
				ASSETCATALOG_COMPILER_APPICON_NAME = AppIcon;
				ASSETCATALOG_COMPILER_GLOBAL_ACCENT_COLOR_NAME = AccentColor;
				CODE_SIGN_STYLE = Automatic;
				CURRENT_PROJECT_VERSION = 1;
				DEVELOPMENT_TEAM = T2Q8P9627P;
				GENERATE_INFOPLIST_FILE = YES;
				INFOPLIST_FILE = TableViewController/Info.plist;
				INFOPLIST_KEY_UIApplicationSupportsIndirectInputEvents = YES;
				INFOPLIST_KEY_UILaunchStoryboardName = LaunchScreen;
				INFOPLIST_KEY_UIMainStoryboardFile = Main;
				INFOPLIST_KEY_UISupportedInterfaceOrientations_iPad = "UIInterfaceOrientationPortrait UIInterfaceOrientationPortraitUpsideDown UIInterfaceOrientationLandscapeLeft UIInterfaceOrientationLandscapeRight";
				INFOPLIST_KEY_UISupportedInterfaceOrientations_iPhone = "UIInterfaceOrientationPortrait UIInterfaceOrientationLandscapeLeft UIInterfaceOrientationLandscapeRight";
				LD_RUNPATH_SEARCH_PATHS = (
					"$(inherited)",
					"@executable_path/Frameworks",
				);
				MARKETING_VERSION = 1.0;
				PRODUCT_BUNDLE_IDENTIFIER = dev.yujin.TableViewController;
				PRODUCT_NAME = "$(TARGET_NAME)";
				SWIFT_EMIT_LOC_STRINGS = YES;
				SWIFT_VERSION = 5.0;
				TARGETED_DEVICE_FAMILY = "1,2";
			};
			name = Release;
		};
/* End XCBuildConfiguration section */

/* Begin XCConfigurationList section */
		611F14892B48025700B983F1 /* Build configuration list for PBXProject "TableViewController" */ = {
			isa = XCConfigurationList;
			buildConfigurations = (
				611F14A02B48025900B983F1 /* Debug */,
				611F14A12B48025900B983F1 /* Release */,
			);
			defaultConfigurationIsVisible = 0;
			defaultConfigurationName = Release;
		};
		611F14A22B48025900B983F1 /* Build configuration list for PBXNativeTarget "TableViewController" */ = {
			isa = XCConfigurationList;
			buildConfigurations = (
				611F14A32B48025900B983F1 /* Debug */,
				611F14A42B48025900B983F1 /* Release */,
			);
			defaultConfigurationIsVisible = 0;
			defaultConfigurationName = Release;
		};
/* End XCConfigurationList section */

/* Begin XCRemoteSwiftPackageReference section */
		61D9251C2B4C21F2002A16B4 /* XCRemoteSwiftPackageReference "Kingfisher" */ = {
			isa = XCRemoteSwiftPackageReference;
			repositoryURL = "https://github.com/onevcat/Kingfisher";
			requirement = {
				kind = upToNextMajorVersion;
				minimumVersion = 7.10.1;
			};
		};
/* End XCRemoteSwiftPackageReference section */

/* Begin XCSwiftPackageProductDependency section */
		61D9251D2B4C21F2002A16B4 /* Kingfisher */ = {
			isa = XCSwiftPackageProductDependency;
			package = 61D9251C2B4C21F2002A16B4 /* XCRemoteSwiftPackageReference "Kingfisher" */;
			productName = Kingfisher;
		};
/* End XCSwiftPackageProductDependency section */
	};
	rootObject = 611F14862B48025700B983F1 /* Project object */;
}
